{
  "requires": true,
  "lockfileVersion": 1,
  "dependencies": {
    "image-promise": {
      "version": "7.0.0",
      "resolved": "https://registry.npmjs.org/image-promise/-/image-promise-7.0.0.tgz",
      "integrity": "sha512-jDye/LXbcgBZxdu6okhxlwGMbnjLorop98hxgWgcsGsJ5ARp+r7etOIeqvw/biSCgbycqRtgpCDUd/BMaTz5zQ=="
    }
  }
}
